
Microsoft Visual Studio Solution File, Format Version 12.00
# Visual Studio Version 17
VisualStudioVersion = 17.3.32922.545
MinimumVisualStudioVersion = 10.0.40219.1
Project("{FAE04EC0-301F-11D3-BF4B-00C04F79EFBC}") = "StudentTeacher.API", "StudentTeacher.API\StudentTeacher.API.csproj", "{961AD8AA-22DE-4B1B-9A37-93983BECC232}"
EndProject
Project("{FAE04EC0-301F-11D3-BF4B-00C04F79EFBC}") = "StudentTeacher.Core", "StudentTeacher.Core\StudentTeacher.Core.csproj", "{0E9C5757-AA6A-40C9-98E5-1A39A7DC45E1}"
EndProject
Project("{FAE04EC0-301F-11D3-BF4B-00C04F79EFBC}") = "StudentTeacher.Repo", "StudentTeacher.Repo\StudentTeacher.Repo.csproj", "{9B181BAE-1D53-4BC4-BB94-32E1927C2E19}"
EndProject
Project("{FAE04EC0-301F-11D3-BF4B-00C04F79EFBC}") = "StudentTeacher.Service", "StudentTeacher.Service\StudentTeacher.Service.csproj", "{D4315627-8CE9-47F9-B478-B46E2F9D2DA6}"
EndProject
Global
	GlobalSection(SolutionConfigurationPlatforms) = preSolution
		Debug|Any CPU = Debug|Any CPU
		Release|Any CPU = Release|Any CPU
	EndGlobalSection
	GlobalSection(ProjectConfigurationPlatforms) = postSolution
		{961AD8AA-22DE-4B1B-9A37-93983BECC232}.Debug|Any CPU.ActiveCfg = Debug|Any CPU
		{961AD8AA-22DE-4B1B-9A37-93983BECC232}.Debug|Any CPU.Build.0 = Debug|Any CPU
		{961AD8AA-22DE-4B1B-9A37-93983BECC232}.Release|Any CPU.ActiveCfg = Release|Any CPU
		{961AD8AA-22DE-4B1B-9A37-93983BECC232}.Release|Any CPU.Build.0 = Release|Any CPU
		{0E9C5757-AA6A-40C9-98E5-1A39A7DC45E1}.Debug|Any CPU.ActiveCfg = Debug|Any CPU
		{0E9C5757-AA6A-40C9-98E5-1A39A7DC45E1}.Debug|Any CPU.Build.0 = Debug|Any CPU
		{0E9C5757-AA6A-40C9-98E5-1A39A7DC45E1}.Release|Any CPU.ActiveCfg = Release|Any CPU
		{0E9C5757-AA6A-40C9-98E5-1A39A7DC45E1}.Release|Any CPU.Build.0 = Release|Any CPU
		{9B181BAE-1D53-4BC4-BB94-32E1927C2E19}.Debug|Any CPU.ActiveCfg = Debug|Any CPU
		{9B181BAE-1D53-4BC4-BB94-32E1927C2E19}.Debug|Any CPU.Build.0 = Debug|Any CPU
		{9B181BAE-1D53-4BC4-BB94-32E1927C2E19}.Release|Any CPU.ActiveCfg = Release|Any CPU
		{9B181BAE-1D53-4BC4-BB94-32E1927C2E19}.Release|Any CPU.Build.0 = Release|Any CPU
		{D4315627-8CE9-47F9-B478-B46E2F9D2DA6}.Debug|Any CPU.ActiveCfg = Debug|Any CPU
		{D4315627-8CE9-47F9-B478-B46E2F9D2DA6}.Debug|Any CPU.Build.0 = Debug|Any CPU
		{D4315627-8CE9-47F9-B478-B46E2F9D2DA6}.Release|Any CPU.ActiveCfg = Release|Any CPU
		{D4315627-8CE9-47F9-B478-B46E2F9D2DA6}.Release|Any CPU.Build.0 = Release|Any CPU
	EndGlobalSection
	GlobalSection(SolutionProperties) = preSolution
		HideSolutionNode = FALSE
	EndGlobalSection
	GlobalSection(ExtensibilityGlobals) = postSolution
		SolutionGuid = {9F358087-FB71-4581-8CF5-D0514CA4A219}
	EndGlobalSection
EndGlobal
